Microsoft Visual Studio Solution File, Format Version 12.00
# Visual Studio Version 17
VisualStudioVersion = 17.5.2.0
MinimumVisualStudioVersion = 10.0.40219.1
Project("{FAE04EC0-301F-11D3-BF4B-00C04F79EFBC}") = "TWeb", "TWeb.csproj", "{DA4FFF19-419A-C7E5-C68C-679081BC4774}"
EndProject
Global
	GlobalSection(SolutionConfigurationPlatforms) = preSolution
		Debug|Any CPU = Debug|Any CPU
		Release|Any CPU = Release|Any CPU
	EndGlobalSection
	GlobalSection(ProjectConfigurationPlatforms) = postSolution
		{DA4FFF19-419A-C7E5-C68C-679081BC4774}.Debug|Any CPU.ActiveCfg = Debug|Any CPU
		{DA4FFF19-419A-C7E5-C68C-679081BC4774}.Debug|Any CPU.Build.0 = Debug|Any CPU
		{DA4FFF19-419A-C7E5-C68C-679081BC4774}.Release|Any CPU.ActiveCfg = Release|Any CPU
		{DA4FFF19-419A-C7E5-C68C-679081BC4774}.Release|Any CPU.Build.0 = Release|Any CPU
	EndGlobalSection
	GlobalSection(SolutionProperties) = preSolution
		HideSolutionNode = FALSE
	EndGlobalSection
	GlobalSection(ExtensibilityGlobals) = postSolution
		SolutionGuid = {46B9E099-07DF-4AC3-BBED-ED5A5696C906}
	EndGlobalSection
EndGlobal
